// !$*UTF8*$!
{
	archiveVersion = 1;
	classes = {
	};
	objectVersion = 77;
	objects = {

/* Begin PBXBuildFile section */
		E7CB69D12D11D4C4009A32BB /* SwipeActions in Frameworks */ = {isa = PBXBuildFile; productRef = E7CB69D02D11D4C4009A32BB /* SwipeActions */; };
/* End PBXBuildFile section */

/* Begin PBXContainerItemProxy section */
		E7CB69B52D11D443009A32BB /* PBXContainerItemProxy */ = {
			isa = PBXContainerItemProxy;
			containerPortal = E7C55A942D11B2FD00FB5D56 /* Project object */;
			proxyType = 1;
			remoteGlobalIDString = E7CB69A42D11D440009A32BB;
			remoteInfo = yizhi;
		};
		E7CB69BF2D11D443009A32BB /* PBXContainerItemProxy */ = {
			isa = PBXContainerItemProxy;
			containerPortal = E7C55A942D11B2FD00FB5D56 /* Project object */;
			proxyType = 1;
			remoteGlobalIDString = E7CB69A42D11D440009A32BB;
			remoteInfo = yizhi;
		};
/* End PBXContainerItemProxy section */

/* Begin PBXFileReference section */
		E7CB69A52D11D440009A32BB /* yizhi.app */ = {isa = PBXFileReference; explicitFileType = wrapper.application; includeInIndex = 0; path = yizhi.app; sourceTree = BUILT_PRODUCTS_DIR; };
		E7CB69B42D11D443009A32BB /* yizhiTests.xctest */ = {isa = PBXFileReference; explicitFileType = wrapper.cfbundle; includeInIndex = 0; path = yizhiTests.xctest; sourceTree = BUILT_PRODUCTS_DIR; };
		E7CB69BE2D11D443009A32BB /* yizhiUITests.xctest */ = {isa = PBXFileReference; explicitFileType = wrapper.cfbundle; includeInIndex = 0; path = yizhiUITests.xctest; sourceTree = BUILT_PRODUCTS_DIR; };
/* End PBXFileReference section */

/* Begin PBXFileSystemSynchronizedRootGroup section */
		E7C55A9E2D11B2FD00FB5D56 /* yizhi */ = {
			isa = PBXFileSystemSynchronizedRootGroup;
			path = yizhi;
			sourceTree = "<group>";
		};
		E7C55AB02D11B2FE00FB5D56 /* yizhiTests */ = {
			isa = PBXFileSystemSynchronizedRootGroup;
			path = yizhiTests;
			sourceTree = "<group>";
		};
		E7C55ABA2D11B2FE00FB5D56 /* yizhiUITests */ = {
			isa = PBXFileSystemSynchronizedRootGroup;
			path = yizhiUITests;
			sourceTree = "<group>";
		};
		E7CB69A62D11D440009A32BB /* yizhi */ = {
			isa = PBXFileSystemSynchronizedRootGroup;
			path = yizhi;
			sourceTree = "<group>";
		};
		E7CB69B72D11D443009A32BB /* yizhiTests */ = {
			isa = PBXFileSystemSynchronizedRootGroup;
			path = yizhiTests;
			sourceTree = "<group>";
		};
		E7CB69C12D11D443009A32BB /* yizhiUITests */ = {
			isa = PBXFileSystemSynchronizedRootGroup;
			path = yizhiUITests;
			sourceTree = "<group>";
		};
/* End PBXFileSystemSynchronizedRootGroup section */

/* Begin PBXFrameworksBuildPhase section */
		E7CB69A22D11D440009A32BB /* Frameworks */ = {
			isa = PBXFrameworksBuildPhase;
			buildActionMask = 2147483647;
			files = (
				E7CB69D12D11D4C4009A32BB /* SwipeActions in Frameworks */,
			);
			runOnlyForDeploymentPostprocessing = 0;
		};
		E7CB69B12D11D443009A32BB /* Frameworks */ = {
			isa = PBXFrameworksBuildPhase;
			buildActionMask = 2147483647;
			files = (
			);
			runOnlyForDeploymentPostprocessing = 0;
		};
		E7CB69BB2D11D443009A32BB /* Frameworks */ = {
			isa = PBXFrameworksBuildPhase;
			buildActionMask = 2147483647;
			files = (
			);
			runOnlyForDeploymentPostprocessing = 0;
		};
/* End PBXFrameworksBuildPhase section */

/* Begin PBXGroup section */
		E7C55A932D11B2FC00FB5D56 = {
			isa = PBXGroup;
			children = (
				E7C55A9E2D11B2FD00FB5D56 /* yizhi */,
				E7C55AB02D11B2FE00FB5D56 /* yizhiTests */,
				E7C55ABA2D11B2FE00FB5D56 /* yizhiUITests */,
				E7CB69A62D11D440009A32BB /* yizhi */,
				E7CB69B72D11D443009A32BB /* yizhiTests */,
				E7CB69C12D11D443009A32BB /* yizhiUITests */,
				E7C55A9D2D11B2FD00FB5D56 /* Products */,
			);
			sourceTree = "<group>";
		};
		E7C55A9D2D11B2FD00FB5D56 /* Products */ = {
			isa = PBXGroup;
			children = (
				E7CB69A52D11D440009A32BB /* yizhi.app */,
				E7CB69B42D11D443009A32BB /* yizhiTests.xctest */,
				E7CB69BE2D11D443009A32BB /* yizhiUITests.xctest */,
			);
			name = Products;
			sourceTree = "<group>";
		};
/* End PBXGroup section */

/* Begin PBXNativeTarget section */
		E7CB69A42D11D440009A32BB /* yizhi */ = {
			isa = PBXNativeTarget;
			buildConfigurationList = E7CB69C62D11D443009A32BB /* Build configuration list for PBXNativeTarget "yizhi" */;
			buildPhases = (
				E7CB69A12D11D440009A32BB /* Sources */,
				E7CB69A22D11D440009A32BB /* Frameworks */,
				E7CB69A32D11D440009A32BB /* Resources */,
			);
			buildRules = (
			);
			dependencies = (
			);
			fileSystemSynchronizedGroups = (
				E7CB69A62D11D440009A32BB /* yizhi */,
			);
			name = yizhi;
			packageProductDependencies = (
				E7CB69D02D11D4C4009A32BB /* SwipeActions */,
			);
			productName = yizhi;
			productReference = E7CB69A52D11D440009A32BB /* yizhi.app */;
			productType = "com.apple.product-type.application";
		};
		E7CB69B32D11D443009A32BB /* yizhiTests */ = {
			isa = PBXNativeTarget;
			buildConfigurationList = E7CB69C92D11D443009A32BB /* Build configuration list for PBXNativeTarget "yizhiTests" */;
			buildPhases = (
				E7CB69B02D11D443009A32BB /* Sources */,
				E7CB69B12D11D443009A32BB /* Frameworks */,
				E7CB69B22D11D443009A32BB /* Resources */,
			);
			buildRules = (
			);
			dependencies = (
				E7CB69B62D11D443009A32BB /* PBXTargetDependency */,
			);
			fileSystemSynchronizedGroups = (
				E7CB69B72D11D443009A32BB /* yizhiTests */,
			);
			name = yizhiTests;
			packageProductDependencies = (
			);
			productName = yizhiTests;
			productReference = E7CB69B42D11D443009A32BB /* yizhiTests.xctest */;
			productType = "com.apple.product-type.bundle.unit-test";
		};
		E7CB69BD2D11D443009A32BB /* yizhiUITests */ = {
			isa = PBXNativeTarget;
			buildConfigurationList = E7CB69CC2D11D443009A32BB /* Build configuration list for PBXNativeTarget "yizhiUITests" */;
			buildPhases = (
				E7CB69BA2D11D443009A32BB /* Sources */,
				E7CB69BB2D11D443009A32BB /* Frameworks */,
				E7CB69BC2D11D443009A32BB /* Resources */,
			);
			buildRules = (
			);
			dependencies = (
				E7CB69C02D11D443009A32BB /* PBXTargetDependency */,
			);
			fileSystemSynchronizedGroups = (
				E7CB69C12D11D443009A32BB /* yizhiUITests */,
			);
			name = yizhiUITests;
			packageProductDependencies = (
			);
			productName = yizhiUITests;
			productReference = E7CB69BE2D11D443009A32BB /* yizhiUITests.xctest */;
			productType = "com.apple.product-type.bundle.ui-testing";
		};
/* End PBXNativeTarget section */

/* Begin PBXProject section */
		E7C55A942D11B2FD00FB5D56 /* Project object */ = {
			isa = PBXProject;
			attributes = {
				BuildIndependentTargetsInParallel = 1;
				LastSwiftUpdateCheck = 1600;
				LastUpgradeCheck = 1600;
				TargetAttributes = {
					E7CB69A42D11D440009A32BB = {
						CreatedOnToolsVersion = 16.0;
					};
					E7CB69B32D11D443009A32BB = {
						CreatedOnToolsVersion = 16.0;
						TestTargetID = E7CB69A42D11D440009A32BB;
					};
					E7CB69BD2D11D443009A32BB = {
						CreatedOnToolsVersion = 16.0;
						TestTargetID = E7CB69A42D11D440009A32BB;
					};
				};
			};
			buildConfigurationList = E7C55A972D11B2FD00FB5D56 /* Build configuration list for PBXProject "yizhi" */;
			developmentRegion = en;
			hasScannedForEncodings = 0;
			knownRegions = (
				en,
				Base,
			);
			mainGroup = E7C55A932D11B2FC00FB5D56;
			minimizedProjectReferenceProxies = 1;
			packageReferences = (
				E7C55ACA2D11BEC000FB5D56 /* XCRemoteSwiftPackageReference "SwipeActions" */,
			);
			preferredProjectObjectVersion = 77;
			productRefGroup = E7C55A9D2D11B2FD00FB5D56 /* Products */;
			projectDirPath = "";
			projectRoot = "";
			targets = (
				E7CB69A42D11D440009A32BB /* yizhi */,
				E7CB69B32D11D443009A32BB /* yizhiTests */,
				E7CB69BD2D11D443009A32BB /* yizhiUITests */,
			);
		};
/* End PBXProject section */

/* Begin PBXResourcesBuildPhase section */
		E7CB69A32D11D440009A32BB /* Resources */ = {
			isa = PBXResourcesBuildPhase;
			buildActionMask = 2147483647;
			files = (
			);
			runOnlyForDeploymentPostprocessing = 0;
		};
		E7CB69B22D11D443009A32BB /* Resources */ = {
			isa = PBXResourcesBuildPhase;
			buildActionMask = 2147483647;
			files = (
			);
			runOnlyForDeploymentPostprocessing = 0;
		};
		E7CB69BC2D11D443009A32BB /* Resources */ = {
			isa = PBXResourcesBuildPhase;
			buildActionMask = 2147483647;
			files = (
			);
			runOnlyForDeploymentPostprocessing = 0;
		};
/* End PBXResourcesBuildPhase section */

/* Begin PBXSourcesBuildPhase section */
		E7CB69A12D11D440009A32BB /* Sources */ = {
			isa = PBXSourcesBuildPhase;
			buildActionMask = 2147483647;
			files = (
			);
			runOnlyForDeploymentPostprocessing = 0;
		};
		E7CB69B02D11D443009A32BB /* Sources */ = {
			isa = PBXSourcesBuildPhase;
			buildActionMask = 2147483647;
			files = (
			);
			runOnlyForDeploymentPostprocessing = 0;
		};
		E7CB69BA2D11D443009A32BB /* Sources */ = {
			isa = PBXSourcesBuildPhase;
			buildActionMask = 2147483647;
			files = (
			);
			runOnlyForDeploymentPostprocessing = 0;
		};
/* End PBXSourcesBuildPhase section */

/* Begin PBXTargetDependency section */
		E7CB69B62D11D443009A32BB /* PBXTargetDependency */ = {
			isa = PBXTargetDependency;
			target = E7CB69A42D11D440009A32BB /* yizhi */;
			targetProxy = E7CB69B52D11D443009A32BB /* PBXContainerItemProxy */;
		};
		E7CB69C02D11D443009A32BB /* PBXTargetDependency */ = {
			isa = PBXTargetDependency;
			target = E7CB69A42D11D440009A32BB /* yizhi */;
			targetProxy = E7CB69BF2D11D443009A32BB /* PBXContainerItemProxy */;
		};
/* End PBXTargetDependency section */

/* Begin XCBuildConfiguration section */
		E7C55ABF2D11B2FE00FB5D56 /* Debug */ = {
			isa = XCBuildConfiguration;
			buildSettings = {
				ALWAYS_SEARCH_USER_PATHS = NO;
				ASSETCATALOG_COMPILER_GENERATE_SWIFT_ASSET_SYMBOL_EXTENSIONS = YES;
				CLANG_ANALYZER_NONNULL = YES;
				CLANG_ANALYZER_NUMBER_OBJECT_CONVERSION = YES_AGGRESSIVE;
				CLANG_CXX_LANGUAGE_STANDARD = "gnu++20";
				CLANG_ENABLE_MODULES = YES;
				CLANG_ENABLE_OBJC_ARC = YES;
				CLANG_ENABLE_OBJC_WEAK = YES;
				CLANG_WARN_BLOCK_CAPTURE_AUTORELEASING = YES;
				CLANG_WARN_BOOL_CONVERSION = YES;
				CLANG_WARN_COMMA = YES;
				CLANG_WARN_CONSTANT_CONVERSION = YES;
				CLANG_WARN_DEPRECATED_OBJC_IMPLEMENTATIONS = YES;
				CLANG_WARN_DIRECT_OBJC_ISA_USAGE = YES_ERROR;
				CLANG_WARN_DOCUMENTATION_COMMENTS = YES;
				CLANG_WARN_EMPTY_BODY = YES;
				CLANG_WARN_ENUM_CONVERSION = YES;
				CLANG_WARN_INFINITE_RECURSION = YES;
				CLANG_WARN_INT_CONVERSION = YES;
				CLANG_WARN_NON_LITERAL_NULL_CONVERSION = YES;
				CLANG_WARN_OBJC_IMPLICIT_RETAIN_SELF = YES;
				CLANG_WARN_OBJC_LITERAL_CONVERSION = YES;
				CLANG_WARN_OBJC_ROOT_CLASS = YES_ERROR;
				CLANG_WARN_QUOTED_INCLUDE_IN_FRAMEWORK_HEADER = YES;
				CLANG_WARN_RANGE_LOOP_ANALYSIS = YES;
				CLANG_WARN_STRICT_PROTOTYPES = YES;
				CLANG_WARN_SUSPICIOUS_MOVE = YES;
				CLANG_WARN_UNGUARDED_AVAILABILITY = YES_AGGRESSIVE;
				CLANG_WARN_UNREACHABLE_CODE = YES;
				CLANG_WARN__DUPLICATE_METHOD_MATCH = YES;
				COPY_PHASE_STRIP = NO;
				DEBUG_INFORMATION_FORMAT = dwarf;
				ENABLE_STRICT_OBJC_MSGSEND = YES;
				ENABLE_TESTABILITY = YES;
				ENABLE_USER_SCRIPT_SANDBOXING = YES;
				GCC_C_LANGUAGE_STANDARD = gnu17;
				GCC_DYNAMIC_NO_PIC = NO;
				GCC_NO_COMMON_BLOCKS = YES;
				GCC_OPTIMIZATION_LEVEL = 0;
				GCC_PREPROCESSOR_DEFINITIONS = (
					"DEBUG=1",
					"$(inherited)",
				);
				GCC_WARN_64_TO_32_BIT_CONVERSION = YES;
				GCC_WARN_ABOUT_RETURN_TYPE = YES_ERROR;
				GCC_WARN_UNDECLARED_SELECTOR = YES;
				GCC_WARN_UNINITIALIZED_AUTOS = YES_AGGRESSIVE;
				GCC_WARN_UNUSED_FUNCTION = YES;
				GCC_WARN_UNUSED_VARIABLE = YES;
				LOCALIZATION_PREFERS_STRING_CATALOGS = YES;
				MACOSX_DEPLOYMENT_TARGET = 15.0;
				MTL_ENABLE_DEBUG_INFO = INCLUDE_SOURCE;
				MTL_FAST_MATH = YES;
				ONLY_ACTIVE_ARCH = YES;
				SDKROOT = macosx;
				SWIFT_ACTIVE_COMPILATION_CONDITIONS = "DEBUG $(inherited)";
				SWIFT_OPTIMIZATION_LEVEL = "-Onone";
			};
			name = Debug;
		};
		E7C55AC02D11B2FE00FB5D56 /* Release */ = {
			isa = XCBuildConfiguration;
			buildSettings = {
				ALWAYS_SEARCH_USER_PATHS = NO;
				ASSETCATALOG_COMPILER_GENERATE_SWIFT_ASSET_SYMBOL_EXTENSIONS = YES;
				CLANG_ANALYZER_NONNULL = YES;
				CLANG_ANALYZER_NUMBER_OBJECT_CONVERSION = YES_AGGRESSIVE;
				CLANG_CXX_LANGUAGE_STANDARD = "gnu++20";
				CLANG_ENABLE_MODULES = YES;
				CLANG_ENABLE_OBJC_ARC = YES;
				CLANG_ENABLE_OBJC_WEAK = YES;
				CLANG_WARN_BLOCK_CAPTURE_AUTORELEASING = YES;
				CLANG_WARN_BOOL_CONVERSION = YES;
				CLANG_WARN_COMMA = YES;
				CLANG_WARN_CONSTANT_CONVERSION = YES;
				CLANG_WARN_DEPRECATED_OBJC_IMPLEMENTATIONS = YES;
				CLANG_WARN_DIRECT_OBJC_ISA_USAGE = YES_ERROR;
				CLANG_WARN_DOCUMENTATION_COMMENTS = YES;
				CLANG_WARN_EMPTY_BODY = YES;
				CLANG_WARN_ENUM_CONVERSION = YES;
				CLANG_WARN_INFINITE_RECURSION = YES;
				CLANG_WARN_INT_CONVERSION = YES;
				CLANG_WARN_NON_LITERAL_NULL_CONVERSION = YES;
				CLANG_WARN_OBJC_IMPLICIT_RETAIN_SELF = YES;
				CLANG_WARN_OBJC_LITERAL_CONVERSION = YES;
				CLANG_WARN_OBJC_ROOT_CLASS = YES_ERROR;
				CLANG_WARN_QUOTED_INCLUDE_IN_FRAMEWORK_HEADER = YES;
				CLANG_WARN_RANGE_LOOP_ANALYSIS = YES;
				CLANG_WARN_STRICT_PROTOTYPES = YES;
				CLANG_WARN_SUSPICIOUS_MOVE = YES;
				CLANG_WARN_UNGUARDED_AVAILABILITY = YES_AGGRESSIVE;
				CLANG_WARN_UNREACHABLE_CODE = YES;
				CLANG_WARN__DUPLICATE_METHOD_MATCH = YES;
				COPY_PHASE_STRIP = NO;
				DEBUG_INFORMATION_FORMAT = "dwarf-with-dsym";
				ENABLE_NS_ASSERTIONS = NO;
				ENABLE_STRICT_OBJC_MSGSEND = YES;
				ENABLE_USER_SCRIPT_SANDBOXING = YES;
				GCC_C_LANGUAGE_STANDARD = gnu17;
				GCC_NO_COMMON_BLOCKS = YES;
				GCC_WARN_64_TO_32_BIT_CONVERSION = YES;
				GCC_WARN_ABOUT_RETURN_TYPE = YES_ERROR;
				GCC_WARN_UNDECLARED_SELECTOR = YES;
				GCC_WARN_UNINITIALIZED_AUTOS = YES_AGGRESSIVE;
				GCC_WARN_UNUSED_FUNCTION = YES;
				GCC_WARN_UNUSED_VARIABLE = YES;
				LOCALIZATION_PREFERS_STRING_CATALOGS = YES;
				MACOSX_DEPLOYMENT_TARGET = 15.0;
				MTL_ENABLE_DEBUG_INFO = NO;
				MTL_FAST_MATH = YES;
				SDKROOT = macosx;
				SWIFT_COMPILATION_MODE = wholemodule;
			};
			name = Release;
		};
		E7CB69C72D11D443009A32BB /* Debug */ = {
			isa = XCBuildConfiguration;
			buildSettings = {
				ASSETCATALOG_COMPILER_APPICON_NAME = AppIcon;
				ASSETCATALOG_COMPILER_GLOBAL_ACCENT_COLOR_NAME = AccentColor;
				CODE_SIGN_ENTITLEMENTS = yizhi/yizhi.entitlements;
				CODE_SIGN_STYLE = Automatic;
				CURRENT_PROJECT_VERSION = 1;
				DEVELOPMENT_ASSET_PATHS = "\"yizhi/Preview Content\"";
				DEVELOPMENT_TEAM = V4BA83FLD8;
				ENABLE_PREVIEWS = YES;
				GENERATE_INFOPLIST_FILE = YES;
				INFOPLIST_KEY_UIApplicationSceneManifest_Generation = YES;
				INFOPLIST_KEY_UIApplicationSupportsIndirectInputEvents = YES;
				INFOPLIST_KEY_UILaunchScreen_Generation = YES;
				INFOPLIST_KEY_UIStatusBarStyle = UIStatusBarStyleDarkContent;
				INFOPLIST_KEY_UISupportedInterfaceOrientations = UIInterfaceOrientationPortrait;
				IPHONEOS_DEPLOYMENT_TARGET = 15.6;
				LD_RUNPATH_SEARCH_PATHS = (
					"$(inherited)",
					"@executable_path/Frameworks",
				);
				MARKETING_VERSION = 1.0;
				PRODUCT_BUNDLE_IDENTIFIER = com.dcrebbin.yizhi;
				PRODUCT_NAME = "$(TARGET_NAME)";
				SDKROOT = iphoneos;
				SWIFT_EMIT_LOC_STRINGS = YES;
				SWIFT_VERSION = 5.0;
				TARGETED_DEVICE_FAMILY = "1,2";
			};
			name = Debug;
		};
		E7CB69C82D11D443009A32BB /* Release */ = {
			isa = XCBuildConfiguration;
			buildSettings = {
				ASSETCATALOG_COMPILER_APPICON_NAME = AppIcon;
				ASSETCATALOG_COMPILER_GLOBAL_ACCENT_COLOR_NAME = AccentColor;
				CODE_SIGN_ENTITLEMENTS = yizhi/yizhi.entitlements;
				CODE_SIGN_STYLE = Automatic;
				CURRENT_PROJECT_VERSION = 1;
				DEVELOPMENT_ASSET_PATHS = "\"yizhi/Preview Content\"";
				DEVELOPMENT_TEAM = V4BA83FLD8;
				ENABLE_PREVIEWS = YES;
				GENERATE_INFOPLIST_FILE = YES;
				INFOPLIST_KEY_UIApplicationSceneManifest_Generation = YES;
				INFOPLIST_KEY_UIApplicationSupportsIndirectInputEvents = YES;
				INFOPLIST_KEY_UILaunchScreen_Generation = YES;
				INFOPLIST_KEY_UIStatusBarStyle = UIStatusBarStyleDarkContent;
				INFOPLIST_KEY_UISupportedInterfaceOrientations = UIInterfaceOrientationPortrait;
				IPHONEOS_DEPLOYMENT_TARGET = 15.6;
				LD_RUNPATH_SEARCH_PATHS = (
					"$(inherited)",
					"@executable_path/Frameworks",
				);
				MARKETING_VERSION = 1.0;
				PRODUCT_BUNDLE_IDENTIFIER = com.dcrebbin.yizhi;
				PRODUCT_NAME = "$(TARGET_NAME)";
				SDKROOT = iphoneos;
				SWIFT_EMIT_LOC_STRINGS = YES;
				SWIFT_VERSION = 5.0;
				TARGETED_DEVICE_FAMILY = "1,2";
				VALIDATE_PRODUCT = YES;
			};
			name = Release;
		};
		E7CB69CA2D11D443009A32BB /* Debug */ = {
			isa = XCBuildConfiguration;
			buildSettings = {
				BUNDLE_LOADER = "$(TEST_HOST)";
				CODE_SIGN_STYLE = Automatic;
				CURRENT_PROJECT_VERSION = 1;
				DEVELOPMENT_TEAM = V4BA83FLD8;
				GENERATE_INFOPLIST_FILE = YES;
				IPHONEOS_DEPLOYMENT_TARGET = 18.0;
				MARKETING_VERSION = 1.0;
				PRODUCT_BUNDLE_IDENTIFIER = com.dcrebbin.yizhiTests;
				PRODUCT_NAME = "$(TARGET_NAME)";
				SDKROOT = iphoneos;
				SWIFT_EMIT_LOC_STRINGS = NO;
				SWIFT_VERSION = 5.0;
				TARGETED_DEVICE_FAMILY = "1,2";
				TEST_HOST = "$(BUILT_PRODUCTS_DIR)/yizhi.app/$(BUNDLE_EXECUTABLE_FOLDER_PATH)/yizhi";
			};
			name = Debug;
		};
		E7CB69CB2D11D443009A32BB /* Release */ = {
			isa = XCBuildConfiguration;
			buildSettings = {
				BUNDLE_LOADER = "$(TEST_HOST)";
				CODE_SIGN_STYLE = Automatic;
				CURRENT_PROJECT_VERSION = 1;
				DEVELOPMENT_TEAM = V4BA83FLD8;
				GENERATE_INFOPLIST_FILE = YES;
				IPHONEOS_DEPLOYMENT_TARGET = 18.0;
				MARKETING_VERSION = 1.0;
				PRODUCT_BUNDLE_IDENTIFIER = com.dcrebbin.yizhiTests;
				PRODUCT_NAME = "$(TARGET_NAME)";
				SDKROOT = iphoneos;
				SWIFT_EMIT_LOC_STRINGS = NO;
				SWIFT_VERSION = 5.0;
				TARGETED_DEVICE_FAMILY = "1,2";
				TEST_HOST = "$(BUILT_PRODUCTS_DIR)/yizhi.app/$(BUNDLE_EXECUTABLE_FOLDER_PATH)/yizhi";
				VALIDATE_PRODUCT = YES;
			};
			name = Release;
		};
		E7CB69CD2D11D443009A32BB /* Debug */ = {
			isa = XCBuildConfiguration;
			buildSettings = {
				CODE_SIGN_STYLE = Automatic;
				CURRENT_PROJECT_VERSION = 1;
				DEVELOPMENT_TEAM = V4BA83FLD8;
				GENERATE_INFOPLIST_FILE = YES;
				IPHONEOS_DEPLOYMENT_TARGET = 18.0;
				MARKETING_VERSION = 1.0;
				PRODUCT_BUNDLE_IDENTIFIER = com.dcrebbin.yizhiUITests;
				PRODUCT_NAME = "$(TARGET_NAME)";
				SDKROOT = iphoneos;
				SWIFT_EMIT_LOC_STRINGS = NO;
				SWIFT_VERSION = 5.0;
				TARGETED_DEVICE_FAMILY = "1,2";
				TEST_TARGET_NAME = yizhi;
			};
			name = Debug;
		};
		E7CB69CE2D11D443009A32BB /* Release */ = {
			isa = XCBuildConfiguration;
			buildSettings = {
				CODE_SIGN_STYLE = Automatic;
				CURRENT_PROJECT_VERSION = 1;
				DEVELOPMENT_TEAM = V4BA83FLD8;
				GENERATE_INFOPLIST_FILE = YES;
				IPHONEOS_DEPLOYMENT_TARGET = 18.0;
				MARKETING_VERSION = 1.0;
				PRODUCT_BUNDLE_IDENTIFIER = com.dcrebbin.yizhiUITests;
				PRODUCT_NAME = "$(TARGET_NAME)";
				SDKROOT = iphoneos;
				SWIFT_EMIT_LOC_STRINGS = NO;
				SWIFT_VERSION = 5.0;
				TARGETED_DEVICE_FAMILY = "1,2";
				TEST_TARGET_NAME = yizhi;
				VALIDATE_PRODUCT = YES;
			};
			name = Release;
		};
/* End XCBuildConfiguration section */

/* Begin XCConfigurationList section */
		E7C55A972D11B2FD00FB5D56 /* Build configuration list for PBXProject "yizhi" */ = {
			isa = XCConfigurationList;
			buildConfigurations = (
				E7C55ABF2D11B2FE00FB5D56 /* Debug */,
				E7C55AC02D11B2FE00FB5D56 /* Release */,
			);
			defaultConfigurationIsVisible = 0;
			defaultConfigurationName = Release;
		};
		E7CB69C62D11D443009A32BB /* Build configuration list for PBXNativeTarget "yizhi" */ = {
			isa = XCConfigurationList;
			buildConfigurations = (
				E7CB69C72D11D443009A32BB /* Debug */,
				E7CB69C82D11D443009A32BB /* Release */,
			);
			defaultConfigurationIsVisible = 0;
			defaultConfigurationName = Release;
		};
		E7CB69C92D11D443009A32BB /* Build configuration list for PBXNativeTarget "yizhiTests" */ = {
			isa = XCConfigurationList;
			buildConfigurations = (
				E7CB69CA2D11D443009A32BB /* Debug */,
				E7CB69CB2D11D443009A32BB /* Release */,
			);
			defaultConfigurationIsVisible = 0;
			defaultConfigurationName = Release;
		};
		E7CB69CC2D11D443009A32BB /* Build configuration list for PBXNativeTarget "yizhiUITests" */ = {
			isa = XCConfigurationList;
			buildConfigurations = (
				E7CB69CD2D11D443009A32BB /* Debug */,
				E7CB69CE2D11D443009A32BB /* Release */,
			);
			defaultConfigurationIsVisible = 0;
			defaultConfigurationName = Release;
		};
/* End XCConfigurationList section */

/* Begin XCRemoteSwiftPackageReference section */
		E7C55ACA2D11BEC000FB5D56 /* XCRemoteSwiftPackageReference "SwipeActions" */ = {
			isa = XCRemoteSwiftPackageReference;
			repositoryURL = "https://github.com/aheze/SwipeActions";
			requirement = {
				kind = upToNextMajorVersion;
				minimumVersion = 1.1.0;
			};
		};
/* End XCRemoteSwiftPackageReference section */

/* Begin XCSwiftPackageProductDependency section */
		E7CB69D02D11D4C4009A32BB /* SwipeActions */ = {
			isa = XCSwiftPackageProductDependency;
			package = E7C55ACA2D11BEC000FB5D56 /* XCRemoteSwiftPackageReference "SwipeActions" */;
			productName = SwipeActions;
		};
/* End XCSwiftPackageProductDependency section */
	};
	rootObject = E7C55A942D11B2FD00FB5D56 /* Project object */;
}
